{
  "nodes": {
    "flakeNimbleLib": {
      "inputs": {
        "nixpkgs": [
          "nixpkgs"
        ]
      },
      "locked": {
        "lastModified": 1646260104,
        "narHash": "sha256-2YBiF1ENMVia3KnJjuOlgyfgjkW/8DHnBeC9qy8rbcM=",
        "owner": "riinr",
        "repo": "nim-flakes-lib",
        "rev": "b7d734585eaf91f3d0bf3dd4a1c37d09fc413f0e",
        "type": "github"
      },
      "original": {
        "owner": "riinr",
        "ref": "master",
        "repo": "nim-flakes-lib",
        "type": "github"
      }
    },
    "nixpkgs": {
      "locked": {
        "narHash": "sha256-7sWpWRO0IsBP5jm9qCrpuzDkWC7UAghiCmZZ+1uqHKo=",
        "path": "/nix/store/q2jrkx5a3z6yxzbfai0kxpnqki80jm3l-source",
        "type": "path"
      },
      "original": {
        "id": "nixpkgs",
        "type": "indirect"
      }
    },
    "root": {
      "inputs": {
        "flakeNimbleLib": "flakeNimbleLib",
        "nixpkgs": "nixpkgs",
        "src-procs-master": "src-procs-master"
      }
    },
    "src-procs-master": {
      "flake": false,
      "locked": {
        "lastModified": 1646162260,
        "narHash": "sha256-gVPKx4I2TkeFbWcO9PVl45TRiJvuA9F6lLK7k6r3D4Q=",
        "owner": "c-blake",
        "repo": "procs",
        "rev": "dff3a723174fa7a3463637ca39be8e9c7a926303",
        "type": "github"
      },
      "original": {
        "owner": "c-blake",
        "ref": "refs/heads/master",
        "repo": "procs",
        "type": "github"
      }
    }
  },
  "root": "root",
  "version": 7
}
