{
  "nodes": {
    "flakeNimbleLib": {
      "inputs": {
        "nixpkgs": [
          "nixpkgs"
        ]
      },
      "locked": {
        "lastModified": 1646433999,
        "narHash": "sha256-88FkQfLAsTaX6EmtBF5Kr41Ff9nubkDOLx6otLSGS0o=",
        "owner": "riinr",
        "repo": "nim-flakes-lib",
        "rev": "605eb3aa5ab508f8b0dc6589e949e0cc7dc432d7",
        "type": "github"
      },
      "original": {
        "owner": "riinr",
        "ref": "master",
        "repo": "nim-flakes-lib",
        "type": "github"
      }
    },
    "nixpkgs": {
      "locked": {
        "narHash": "sha256-7sWpWRO0IsBP5jm9qCrpuzDkWC7UAghiCmZZ+1uqHKo=",
        "path": "/nix/store/q2jrkx5a3z6yxzbfai0kxpnqki80jm3l-source",
        "type": "path"
      },
      "original": {
        "id": "nixpkgs",
        "type": "indirect"
      }
    },
    "root": {
      "inputs": {
        "flakeNimbleLib": "flakeNimbleLib",
        "nixpkgs": "nixpkgs",
        "src-sync-v1_1_0": "src-sync-v1_1_0"
      }
    },
    "src-sync-v1_1_0": {
      "flake": false,
      "locked": {
        "lastModified": 1626179913,
        "narHash": "sha256-ELgE2Sm25AisE8CRxMb9YnoQH4zyH1IQgyYxx480x00=",
        "owner": "planetis-m",
        "repo": "sync",
        "rev": "a133d37991e3d4e9553c5261eabcb07d471968f7",
        "type": "github"
      },
      "original": {
        "owner": "planetis-m",
        "ref": "refs/tags/v1.1.0",
        "repo": "sync",
        "type": "github"
      }
    }
  },
  "root": "root",
  "version": 7
}
