{
  "nodes": {
    "flakeNimbleLib": {
      "inputs": {
        "nixpkgs": [
          "nixpkgs"
        ]
      },
      "locked": {
        "lastModified": 1646260104,
        "narHash": "sha256-2YBiF1ENMVia3KnJjuOlgyfgjkW/8DHnBeC9qy8rbcM=",
        "owner": "riinr",
        "repo": "nim-flakes-lib",
        "rev": "b7d734585eaf91f3d0bf3dd4a1c37d09fc413f0e",
        "type": "github"
      },
      "original": {
        "owner": "riinr",
        "ref": "master",
        "repo": "nim-flakes-lib",
        "type": "github"
      }
    },
    "nixpkgs": {
      "locked": {
        "narHash": "sha256-7sWpWRO0IsBP5jm9qCrpuzDkWC7UAghiCmZZ+1uqHKo=",
        "path": "/nix/store/q2jrkx5a3z6yxzbfai0kxpnqki80jm3l-source",
        "type": "path"
      },
      "original": {
        "id": "nixpkgs",
        "type": "indirect"
      }
    },
    "root": {
      "inputs": {
        "flakeNimbleLib": "flakeNimbleLib",
        "nixpkgs": "nixpkgs",
        "src-fidget-0_7_0": "src-fidget-0_7_0"
      }
    },
    "src-fidget-0_7_0": {
      "flake": false,
      "locked": {
        "lastModified": 1611432014,
        "narHash": "sha256-uBk/wmZMLhM16lal50twyDFOAYdTJpm9j1hPXivO+oc=",
        "owner": "treeform",
        "repo": "fidget",
        "rev": "d1814481e6425e86ea9e6b9b2fb71a4deed71a34",
        "type": "github"
      },
      "original": {
        "owner": "treeform",
        "ref": "refs/tags/0.7.0",
        "repo": "fidget",
        "type": "github"
      }
    }
  },
  "root": "root",
  "version": 7
}
