{
  "nodes": {
    "flakeNimbleLib": {
      "inputs": {
        "nixpkgs": [
          "nixpkgs"
        ]
      },
      "locked": {
        "lastModified": 1646373268,
        "narHash": "sha256-CcT4KuCZahsxYDJF+3+GY1HCqirdFtiUmJGOkwmSx28=",
        "owner": "riinr",
        "repo": "nim-flakes-lib",
        "rev": "55de62d33e92652d0ea2d8a9887b82246fef2c73",
        "type": "github"
      },
      "original": {
        "owner": "riinr",
        "ref": "master",
        "repo": "nim-flakes-lib",
        "type": "github"
      }
    },
    "nixpkgs": {
      "locked": {
        "narHash": "sha256-7sWpWRO0IsBP5jm9qCrpuzDkWC7UAghiCmZZ+1uqHKo=",
        "path": "/nix/store/q2jrkx5a3z6yxzbfai0kxpnqki80jm3l-source",
        "type": "path"
      },
      "original": {
        "id": "nixpkgs",
        "type": "indirect"
      }
    },
    "root": {
      "inputs": {
        "flakeNimbleLib": "flakeNimbleLib",
        "nixpkgs": "nixpkgs",
        "src-nimfp-v0_0_8": "src-nimfp-v0_0_8"
      }
    },
    "src-nimfp-v0_0_8": {
      "flake": false,
      "locked": {
        "lastModified": 1460457736,
        "narHash": "sha256-bsklwyb6U6V4WDcr1/84WSONKjx2DPpp0QkDntWGl6c=",
        "owner": "vegansk",
        "repo": "nimfp",
        "rev": "6e97f8186fbd972b7811b5f15c33c3098942c1af",
        "type": "github"
      },
      "original": {
        "owner": "vegansk",
        "ref": "refs/tags/v0.0.8",
        "repo": "nimfp",
        "type": "github"
      }
    }
  },
  "root": "root",
  "version": 7
}
