{
  "nodes": {
    "flakeNimbleLib": {
      "inputs": {
        "nixpkgs": [
          "nixpkgs"
        ]
      },
      "locked": {
        "lastModified": 1646260104,
        "narHash": "sha256-2YBiF1ENMVia3KnJjuOlgyfgjkW/8DHnBeC9qy8rbcM=",
        "owner": "riinr",
        "repo": "nim-flakes-lib",
        "rev": "b7d734585eaf91f3d0bf3dd4a1c37d09fc413f0e",
        "type": "github"
      },
      "original": {
        "owner": "riinr",
        "ref": "master",
        "repo": "nim-flakes-lib",
        "type": "github"
      }
    },
    "nixpkgs": {
      "locked": {
        "narHash": "sha256-7sWpWRO0IsBP5jm9qCrpuzDkWC7UAghiCmZZ+1uqHKo=",
        "path": "/nix/store/q2jrkx5a3z6yxzbfai0kxpnqki80jm3l-source",
        "type": "path"
      },
      "original": {
        "id": "nixpkgs",
        "type": "indirect"
      }
    },
    "root": {
      "inputs": {
        "flakeNimbleLib": "flakeNimbleLib",
        "nixpkgs": "nixpkgs",
        "src-tempfile-0_1_7": "src-tempfile-0_1_7"
      }
    },
    "src-tempfile-0_1_7": {
      "flake": false,
      "locked": {
        "lastModified": 1551197760,
        "narHash": "sha256-08vvHXVxL1mAcpMzosaHd2FupTJrKJP5JaVcgxN4oYE=",
        "owner": "OpenSystemsLab",
        "repo": "tempfile.nim",
        "rev": "26e0239441755e5edcfd170e9aa566bb9c9eb6f3",
        "type": "github"
      },
      "original": {
        "owner": "OpenSystemsLab",
        "ref": "refs/tags/0.1.7",
        "repo": "tempfile.nim",
        "type": "github"
      }
    }
  },
  "root": "root",
  "version": 7
}
