{
  "nodes": {
    "flakeNimbleLib": {
      "inputs": {
        "nixpkgs": [
          "nixpkgs"
        ]
      },
      "locked": {
        "lastModified": 1646433999,
        "narHash": "sha256-88FkQfLAsTaX6EmtBF5Kr41Ff9nubkDOLx6otLSGS0o=",
        "owner": "riinr",
        "repo": "nim-flakes-lib",
        "rev": "605eb3aa5ab508f8b0dc6589e949e0cc7dc432d7",
        "type": "github"
      },
      "original": {
        "owner": "riinr",
        "ref": "master",
        "repo": "nim-flakes-lib",
        "type": "github"
      }
    },
    "nixpkgs": {
      "locked": {
        "narHash": "sha256-7sWpWRO0IsBP5jm9qCrpuzDkWC7UAghiCmZZ+1uqHKo=",
        "path": "/nix/store/q2jrkx5a3z6yxzbfai0kxpnqki80jm3l-source",
        "type": "path"
      },
      "original": {
        "id": "nixpkgs",
        "type": "indirect"
      }
    },
    "root": {
      "inputs": {
        "flakeNimbleLib": "flakeNimbleLib",
        "nixpkgs": "nixpkgs",
        "sdl1": "sdl1",
        "src-graphics-master": "src-graphics-master"
      }
    },
    "sdl1": {
      "inputs": {
        "flakeNimbleLib": [
          "flakeNimbleLib"
        ],
        "nixpkgs": [
          "nixpkgs"
        ],
        "sdl1-master": "sdl1-master"
      },
      "locked": {
        "dir": "nimpkgs/s/sdl1",
        "lastModified": 1646438940,
        "narHash": "sha256-UOGVYppOnFqaCCqJuDPSnXuXvGSrQ5x81+sBYqGMCE0=",
        "owner": "riinr",
        "repo": "flake-nimble",
        "rev": "e7902f61ac1c9a3753b16c34c312e799a93f7eac",
        "type": "github"
      },
      "original": {
        "dir": "nimpkgs/s/sdl1",
        "owner": "riinr",
        "ref": "flake-pinning",
        "repo": "flake-nimble",
        "type": "github"
      }
    },
    "sdl1-master": {
      "inputs": {
        "flakeNimbleLib": [
          "sdl1",
          "flakeNimbleLib"
        ],
        "nixpkgs": [
          "sdl1",
          "nixpkgs"
        ],
        "src-sdl1-master": "src-sdl1-master"
      },
      "locked": {
        "dir": "nimpkgs/s/sdl1/master",
        "lastModified": 1646297813,
        "narHash": "sha256-2KA6/J5BT+7scrKCcd3lsy3laazgbhQbsy8OIcKElFM=",
        "owner": "riinr",
        "repo": "flake-nimble",
        "rev": "035e26fba15ab4d38c1d25530222858f81bebb53",
        "type": "github"
      },
      "original": {
        "dir": "nimpkgs/s/sdl1/master",
        "owner": "riinr",
        "ref": "flake-pinning",
        "repo": "flake-nimble",
        "type": "github"
      }
    },
    "src-graphics-master": {
      "flake": false,
      "locked": {
        "lastModified": 1520514408,
        "narHash": "sha256-etccKsl2FWs+qc4towl05dEVZvhhyWsc6GmwuTV0mAw=",
        "owner": "nim-lang",
        "repo": "graphics",
        "rev": "ce69b637c4ac0f108c92c6f0969f3dd76660ae84",
        "type": "github"
      },
      "original": {
        "owner": "nim-lang",
        "ref": "refs/heads/master",
        "repo": "graphics",
        "type": "github"
      }
    },
    "src-sdl1-master": {
      "flake": false,
      "locked": {
        "lastModified": 1549291001,
        "narHash": "sha256-7lkQ9DEtqHeaBxHoDjX0G86DZOwdLAUpZu/JxwG0tK4=",
        "owner": "nim-lang",
        "repo": "sdl1",
        "rev": "3c643e03b9c3f3ff54f80ecfb32c25ebddac5204",
        "type": "github"
      },
      "original": {
        "owner": "nim-lang",
        "ref": "refs/heads/master",
        "repo": "sdl1",
        "type": "github"
      }
    }
  },
  "root": "root",
  "version": 7
}
