{
    "inputs": {
        "nixpkgs": {
            "inputs": {},
            "narHash": "sha256-RPzvrd/qDzlPVgK1S8+bmDabwsHPFCS2/dDObpxOG8o=",
            "originalUri": "git+https://github.com/nixos/nixpkgs.git",
            "uri": "git+https://github.com/nixos/nixpkgs.git?ref=master&rev=56240d7f20a2cc4b931a89617c37403586dc5b74"
        }
    },
    "version": 3
}
