{
  "nodes": {
    "flakeNimbleLib": {
      "inputs": {
        "nixpkgs": [
          "nixpkgs"
        ]
      },
      "locked": {
        "lastModified": 1646260104,
        "narHash": "sha256-2YBiF1ENMVia3KnJjuOlgyfgjkW/8DHnBeC9qy8rbcM=",
        "owner": "riinr",
        "repo": "nim-flakes-lib",
        "rev": "b7d734585eaf91f3d0bf3dd4a1c37d09fc413f0e",
        "type": "github"
      },
      "original": {
        "owner": "riinr",
        "ref": "master",
        "repo": "nim-flakes-lib",
        "type": "github"
      }
    },
    "nixpkgs": {
      "locked": {
        "narHash": "sha256-7sWpWRO0IsBP5jm9qCrpuzDkWC7UAghiCmZZ+1uqHKo=",
        "path": "/nix/store/q2jrkx5a3z6yxzbfai0kxpnqki80jm3l-source",
        "type": "path"
      },
      "original": {
        "id": "nixpkgs",
        "type": "indirect"
      }
    },
    "root": {
      "inputs": {
        "flakeNimbleLib": "flakeNimbleLib",
        "nixpkgs": "nixpkgs",
        "src-figures-v1_1_0": "src-figures-v1_1_0"
      }
    },
    "src-figures-v1_1_0": {
      "flake": false,
      "locked": {
        "lastModified": 1561315769,
        "narHash": "sha256-M1D96j5GyDkeGXxJvJmo8T8Cfi+Zkkh/jkRnqKzGBSs=",
        "owner": "lmariscal",
        "repo": "figures",
        "rev": "c2b197031e68c37455716827badbeb84f67d86cb",
        "type": "github"
      },
      "original": {
        "owner": "lmariscal",
        "ref": "refs/tags/v1.1.0",
        "repo": "figures",
        "type": "github"
      }
    }
  },
  "root": "root",
  "version": 7
}
