{
  "nodes": {
    "flakeNimbleLib": {
      "inputs": {
        "nixpkgs": [
          "nixpkgs"
        ]
      },
      "locked": {
        "lastModified": 1646260104,
        "narHash": "sha256-2YBiF1ENMVia3KnJjuOlgyfgjkW/8DHnBeC9qy8rbcM=",
        "owner": "riinr",
        "repo": "nim-flakes-lib",
        "rev": "b7d734585eaf91f3d0bf3dd4a1c37d09fc413f0e",
        "type": "github"
      },
      "original": {
        "owner": "riinr",
        "ref": "master",
        "repo": "nim-flakes-lib",
        "type": "github"
      }
    },
    "nixpkgs": {
      "locked": {
        "narHash": "sha256-7sWpWRO0IsBP5jm9qCrpuzDkWC7UAghiCmZZ+1uqHKo=",
        "path": "/nix/store/q2jrkx5a3z6yxzbfai0kxpnqki80jm3l-source",
        "type": "path"
      },
      "original": {
        "id": "nixpkgs",
        "type": "indirect"
      }
    },
    "root": {
      "inputs": {
        "flakeNimbleLib": "flakeNimbleLib",
        "nixpkgs": "nixpkgs",
        "src-lazy-master": "src-lazy-master"
      }
    },
    "src-lazy-master": {
      "flake": false,
      "locked": {
        "lastModified": 1456009563,
        "narHash": "sha256-vEQpBpi4Z9Eon5wYlD5X79vLCGbG6iV1cALbUBhZ8uo=",
        "owner": "petermora",
        "repo": "nimLazy",
        "rev": "dbd392ecd5ddd3f43233bbafbd7071cec7a00699",
        "type": "github"
      },
      "original": {
        "owner": "petermora",
        "ref": "refs/heads/master",
        "repo": "nimLazy",
        "type": "github"
      }
    }
  },
  "root": "root",
  "version": 7
}
