{
  "nodes": {
    "flakeNimbleLib": {
      "inputs": {
        "nixpkgs": [
          "nixpkgs"
        ]
      },
      "locked": {
        "lastModified": 1646260104,
        "narHash": "sha256-2YBiF1ENMVia3KnJjuOlgyfgjkW/8DHnBeC9qy8rbcM=",
        "owner": "riinr",
        "repo": "nim-flakes-lib",
        "rev": "b7d734585eaf91f3d0bf3dd4a1c37d09fc413f0e",
        "type": "github"
      },
      "original": {
        "owner": "riinr",
        "ref": "master",
        "repo": "nim-flakes-lib",
        "type": "github"
      }
    },
    "nixpkgs": {
      "locked": {
        "narHash": "sha256-7sWpWRO0IsBP5jm9qCrpuzDkWC7UAghiCmZZ+1uqHKo=",
        "path": "/nix/store/q2jrkx5a3z6yxzbfai0kxpnqki80jm3l-source",
        "type": "path"
      },
      "original": {
        "id": "nixpkgs",
        "type": "indirect"
      }
    },
    "root": {
      "inputs": {
        "flakeNimbleLib": "flakeNimbleLib",
        "nixpkgs": "nixpkgs",
        "src-retranslator-0_3_3": "src-retranslator-0_3_3"
      }
    },
    "src-retranslator-0_3_3": {
      "flake": false,
      "locked": {
        "lastModified": 1585987830,
        "narHash": "sha256-enZvAFUn+vrUqLS/wtHz/74p8edeGBZaWBNNBybt1DU=",
        "owner": "linksplatform",
        "repo": "RegularExpressions.Transformer",
        "rev": "abeb2d74f65ee28c393f9ab992da776ae954eea9",
        "type": "github"
      },
      "original": {
        "owner": "linksplatform",
        "ref": "refs/tags/0.3.3",
        "repo": "RegularExpressions.Transformer",
        "type": "github"
      }
    }
  },
  "root": "root",
  "version": 7
}
