{
  "nodes": {
    "argon2-master": {
      "inputs": {
        "flakeNimbleLib": [
          "flakeNimbleLib"
        ],
        "nixpkgs": [
          "nixpkgs"
        ],
        "src-argon2-master": "src-argon2-master"
      },
      "locked": {
        "dir": "nimpkgs/a/argon2/master",
        "lastModified": 1646297813,
        "narHash": "sha256-2KA6/J5BT+7scrKCcd3lsy3laazgbhQbsy8OIcKElFM=",
        "owner": "riinr",
        "repo": "flake-nimble",
        "rev": "035e26fba15ab4d38c1d25530222858f81bebb53",
        "type": "github"
      },
      "original": {
        "dir": "nimpkgs/a/argon2/master",
        "owner": "riinr",
        "ref": "flake-pinning",
        "repo": "flake-nimble",
        "type": "github"
      }
    },
    "argon2-v1_0_0": {
      "inputs": {
        "flakeNimbleLib": [
          "flakeNimbleLib"
        ],
        "nixpkgs": [
          "nixpkgs"
        ],
        "src-argon2-v1_0_0": "src-argon2-v1_0_0"
      },
      "locked": {
        "dir": "nimpkgs/a/argon2/v1_0_0",
        "lastModified": 1646297813,
        "narHash": "sha256-2KA6/J5BT+7scrKCcd3lsy3laazgbhQbsy8OIcKElFM=",
        "owner": "riinr",
        "repo": "flake-nimble",
        "rev": "035e26fba15ab4d38c1d25530222858f81bebb53",
        "type": "github"
      },
      "original": {
        "dir": "nimpkgs/a/argon2/v1_0_0",
        "owner": "riinr",
        "ref": "flake-pinning",
        "repo": "flake-nimble",
        "type": "github"
      }
    },
    "argon2-v1_0_1": {
      "inputs": {
        "flakeNimbleLib": [
          "flakeNimbleLib"
        ],
        "nixpkgs": [
          "nixpkgs"
        ],
        "src-argon2-v1_0_1": "src-argon2-v1_0_1"
      },
      "locked": {
        "dir": "nimpkgs/a/argon2/v1_0_1",
        "lastModified": 1646297813,
        "narHash": "sha256-2KA6/J5BT+7scrKCcd3lsy3laazgbhQbsy8OIcKElFM=",
        "owner": "riinr",
        "repo": "flake-nimble",
        "rev": "035e26fba15ab4d38c1d25530222858f81bebb53",
        "type": "github"
      },
      "original": {
        "dir": "nimpkgs/a/argon2/v1_0_1",
        "owner": "riinr",
        "ref": "flake-pinning",
        "repo": "flake-nimble",
        "type": "github"
      }
    },
    "flakeNimbleLib": {
      "inputs": {
        "nixpkgs": [
          "nixpkgs"
        ]
      },
      "locked": {
        "lastModified": 1646260104,
        "narHash": "sha256-2YBiF1ENMVia3KnJjuOlgyfgjkW/8DHnBeC9qy8rbcM=",
        "owner": "riinr",
        "repo": "nim-flakes-lib",
        "rev": "b7d734585eaf91f3d0bf3dd4a1c37d09fc413f0e",
        "type": "github"
      },
      "original": {
        "owner": "riinr",
        "ref": "master",
        "repo": "nim-flakes-lib",
        "type": "github"
      }
    },
    "nixpkgs": {
      "locked": {
        "narHash": "sha256-7sWpWRO0IsBP5jm9qCrpuzDkWC7UAghiCmZZ+1uqHKo=",
        "path": "/nix/store/q2jrkx5a3z6yxzbfai0kxpnqki80jm3l-source",
        "type": "path"
      },
      "original": {
        "id": "nixpkgs",
        "type": "indirect"
      }
    },
    "root": {
      "inputs": {
        "argon2-master": "argon2-master",
        "argon2-v1_0_0": "argon2-v1_0_0",
        "argon2-v1_0_1": "argon2-v1_0_1",
        "flakeNimbleLib": "flakeNimbleLib",
        "nixpkgs": "nixpkgs"
      }
    },
    "src-argon2-master": {
      "flake": false,
      "locked": {
        "lastModified": 1579191818,
        "narHash": "sha256-gN2pgx8VZzP5dC9IQIyCA0J4kTOwIdeKnwuXGZOqHQ8=",
        "owner": "Ahrotahn",
        "repo": "argon2",
        "rev": "10691c6291ecb6448cdc1c328ecaacfca79916d0",
        "type": "github"
      },
      "original": {
        "owner": "Ahrotahn",
        "ref": "refs/heads/master",
        "repo": "argon2",
        "type": "github"
      }
    },
    "src-argon2-v1_0_0": {
      "flake": false,
      "locked": {
        "lastModified": 1573666163,
        "narHash": "sha256-Y1YFFWKv4cKWQg3kWMIHt0lkyHwSKfUd2tNHnNaFD1w=",
        "owner": "Ahrotahn",
        "repo": "argon2",
        "rev": "436bf260e31940006ced08f22565c780c68bd232",
        "type": "github"
      },
      "original": {
        "owner": "Ahrotahn",
        "ref": "refs/tags/v1.0.0",
        "repo": "argon2",
        "type": "github"
      }
    },
    "src-argon2-v1_0_1": {
      "flake": false,
      "locked": {
        "lastModified": 1579191818,
        "narHash": "sha256-gN2pgx8VZzP5dC9IQIyCA0J4kTOwIdeKnwuXGZOqHQ8=",
        "owner": "Ahrotahn",
        "repo": "argon2",
        "rev": "10691c6291ecb6448cdc1c328ecaacfca79916d0",
        "type": "github"
      },
      "original": {
        "owner": "Ahrotahn",
        "ref": "refs/tags/v1.0.1",
        "repo": "argon2",
        "type": "github"
      }
    }
  },
  "root": "root",
  "version": 7
}
