{
  "nodes": {
    "contra": {
      "inputs": {
        "contra-master": "contra-master",
        "flakeNimbleLib": [
          "flakeNimbleLib"
        ],
        "nixpkgs": [
          "nixpkgs"
        ]
      },
      "locked": {
        "dir": "nimpkgs/c/contra",
        "lastModified": 1646353868,
        "narHash": "sha256-wTelICJz3iCd9nYIgIVyfFYpT/t6z6aTCwWZHmpPwvQ=",
        "owner": "riinr",
        "repo": "flake-nimble",
        "rev": "d1f438d34450ae9511549eb6801e9bd8afbc4a75",
        "type": "github"
      },
      "original": {
        "dir": "nimpkgs/c/contra",
        "owner": "riinr",
        "ref": "flake-pinning",
        "repo": "flake-nimble",
        "type": "github"
      }
    },
    "contra-master": {
      "inputs": {
        "flakeNimbleLib": [
          "contra",
          "flakeNimbleLib"
        ],
        "nixpkgs": [
          "contra",
          "nixpkgs"
        ],
        "src-contra-master": "src-contra-master"
      },
      "locked": {
        "dir": "nimpkgs/c/contra/master",
        "lastModified": 1646297813,
        "narHash": "sha256-2KA6/J5BT+7scrKCcd3lsy3laazgbhQbsy8OIcKElFM=",
        "owner": "riinr",
        "repo": "flake-nimble",
        "rev": "035e26fba15ab4d38c1d25530222858f81bebb53",
        "type": "github"
      },
      "original": {
        "dir": "nimpkgs/c/contra/master",
        "owner": "riinr",
        "ref": "flake-pinning",
        "repo": "flake-nimble",
        "type": "github"
      }
    },
    "flakeNimbleLib": {
      "inputs": {
        "nixpkgs": [
          "nixpkgs"
        ]
      },
      "locked": {
        "lastModified": 1646373268,
        "narHash": "sha256-CcT4KuCZahsxYDJF+3+GY1HCqirdFtiUmJGOkwmSx28=",
        "owner": "riinr",
        "repo": "nim-flakes-lib",
        "rev": "55de62d33e92652d0ea2d8a9887b82246fef2c73",
        "type": "github"
      },
      "original": {
        "owner": "riinr",
        "ref": "master",
        "repo": "nim-flakes-lib",
        "type": "github"
      }
    },
    "nixpkgs": {
      "locked": {
        "narHash": "sha256-7sWpWRO0IsBP5jm9qCrpuzDkWC7UAghiCmZZ+1uqHKo=",
        "path": "/nix/store/q2jrkx5a3z6yxzbfai0kxpnqki80jm3l-source",
        "type": "path"
      },
      "original": {
        "id": "nixpkgs",
        "type": "indirect"
      }
    },
    "root": {
      "inputs": {
        "contra": "contra",
        "flakeNimbleLib": "flakeNimbleLib",
        "nixpkgs": "nixpkgs",
        "src-html_tools-master": "src-html_tools-master"
      }
    },
    "src-contra-master": {
      "flake": false,
      "locked": {
        "lastModified": 1643233667,
        "narHash": "sha256-kr4/UkrM4QltwtG7mj3VRGF6qa9ZcZ5cd2C5qgOPeKU=",
        "owner": "juancarlospaco",
        "repo": "nim-contra",
        "rev": "21a9794324e82047928282a73bb19683437b72f4",
        "type": "github"
      },
      "original": {
        "owner": "juancarlospaco",
        "ref": "refs/heads/master",
        "repo": "nim-contra",
        "type": "github"
      }
    },
    "src-html_tools-master": {
      "flake": false,
      "locked": {
        "lastModified": 1563936423,
        "narHash": "sha256-PaPYQ0J+xVaIlVB41dlxW4BvX6PSLph+eSSQ71WrQlY=",
        "owner": "juancarlospaco",
        "repo": "nim-html-tools",
        "rev": "272acbcec56a381fdcc6299893fd1c05e09ffbc5",
        "type": "github"
      },
      "original": {
        "owner": "juancarlospaco",
        "ref": "refs/heads/master",
        "repo": "nim-html-tools",
        "type": "github"
      }
    }
  },
  "root": "root",
  "version": 7
}
