{
  "nodes": {
    "flakeNimbleLib": {
      "inputs": {
        "nixpkgs": [
          "nixpkgs"
        ]
      },
      "locked": {
        "lastModified": 1646260104,
        "narHash": "sha256-2YBiF1ENMVia3KnJjuOlgyfgjkW/8DHnBeC9qy8rbcM=",
        "owner": "riinr",
        "repo": "nim-flakes-lib",
        "rev": "b7d734585eaf91f3d0bf3dd4a1c37d09fc413f0e",
        "type": "github"
      },
      "original": {
        "owner": "riinr",
        "ref": "master",
        "repo": "nim-flakes-lib",
        "type": "github"
      }
    },
    "nixpkgs": {
      "locked": {
        "narHash": "sha256-7sWpWRO0IsBP5jm9qCrpuzDkWC7UAghiCmZZ+1uqHKo=",
        "path": "/nix/store/q2jrkx5a3z6yxzbfai0kxpnqki80jm3l-source",
        "type": "path"
      },
      "original": {
        "id": "nixpkgs",
        "type": "indirect"
      }
    },
    "root": {
      "inputs": {
        "flakeNimbleLib": "flakeNimbleLib",
        "nixpkgs": "nixpkgs",
        "src-niledb-v1_3_0": "src-niledb-v1_3_0"
      }
    },
    "src-niledb-v1_3_0": {
      "flake": false,
      "locked": {
        "lastModified": 1608700448,
        "narHash": "sha256-oB+26Irc1XPYVrQYI8cREfAEXGUw4UMq7pSLN+ZuFq4=",
        "owner": "JeffersonLab",
        "repo": "niledb",
        "rev": "b52a80674def188dcde2e559890b310514f5dd51",
        "type": "github"
      },
      "original": {
        "owner": "JeffersonLab",
        "ref": "refs/tags/v1.3.0",
        "repo": "niledb",
        "type": "github"
      }
    }
  },
  "root": "root",
  "version": 7
}
