{
  "nodes": {
    "flakeNimbleLib": {
      "inputs": {
        "nixpkgs": [
          "nixpkgs"
        ]
      },
      "locked": {
        "lastModified": 1646373268,
        "narHash": "sha256-CcT4KuCZahsxYDJF+3+GY1HCqirdFtiUmJGOkwmSx28=",
        "owner": "riinr",
        "repo": "nim-flakes-lib",
        "rev": "55de62d33e92652d0ea2d8a9887b82246fef2c73",
        "type": "github"
      },
      "original": {
        "owner": "riinr",
        "ref": "master",
        "repo": "nim-flakes-lib",
        "type": "github"
      }
    },
    "nixpkgs": {
      "locked": {
        "narHash": "sha256-7sWpWRO0IsBP5jm9qCrpuzDkWC7UAghiCmZZ+1uqHKo=",
        "path": "/nix/store/q2jrkx5a3z6yxzbfai0kxpnqki80jm3l-source",
        "type": "path"
      },
      "original": {
        "id": "nixpkgs",
        "type": "indirect"
      }
    },
    "root": {
      "inputs": {
        "flakeNimbleLib": "flakeNimbleLib",
        "nixpkgs": "nixpkgs",
        "src-hex-master": "src-hex-master"
      }
    },
    "src-hex-master": {
      "flake": false,
      "locked": {
        "lastModified": 1400176791,
        "narHash": "sha256-4KVbAKwlGCMgunTnQ8+JqxdVdX33BeziLJ4cVqIssfY=",
        "owner": "esbullington",
        "repo": "nimrod-hex",
        "rev": "ee6559b2a5d991bc9d2017878b197e6f05e9caaf",
        "type": "github"
      },
      "original": {
        "owner": "esbullington",
        "ref": "refs/heads/master",
        "repo": "nimrod-hex",
        "type": "github"
      }
    }
  },
  "root": "root",
  "version": 7
}
