{
  "nodes": {
    "flakeNimbleLib": {
      "inputs": {
        "nixpkgs": [
          "nixpkgs"
        ]
      },
      "locked": {
        "lastModified": 1646260104,
        "narHash": "sha256-2YBiF1ENMVia3KnJjuOlgyfgjkW/8DHnBeC9qy8rbcM=",
        "owner": "riinr",
        "repo": "nim-flakes-lib",
        "rev": "b7d734585eaf91f3d0bf3dd4a1c37d09fc413f0e",
        "type": "github"
      },
      "original": {
        "owner": "riinr",
        "ref": "master",
        "repo": "nim-flakes-lib",
        "type": "github"
      }
    },
    "nixpkgs": {
      "locked": {
        "narHash": "sha256-7sWpWRO0IsBP5jm9qCrpuzDkWC7UAghiCmZZ+1uqHKo=",
        "path": "/nix/store/q2jrkx5a3z6yxzbfai0kxpnqki80jm3l-source",
        "type": "path"
      },
      "original": {
        "id": "nixpkgs",
        "type": "indirect"
      }
    },
    "root": {
      "inputs": {
        "flakeNimbleLib": "flakeNimbleLib",
        "nixpkgs": "nixpkgs",
        "src-zero_functional-v1_0_0": "src-zero_functional-v1_0_0"
      }
    },
    "src-zero_functional-v1_0_0": {
      "flake": false,
      "locked": {
        "lastModified": 1577114502,
        "narHash": "sha256-KMCUlhpajw7jvulwLbMDqPQJINUHp0gFA8iYvOawDgQ=",
        "owner": "zero-functional",
        "repo": "zero-functional",
        "rev": "5f0a3bfce81ce2a4360d67985b1dc0287212ad5e",
        "type": "github"
      },
      "original": {
        "owner": "zero-functional",
        "ref": "refs/tags/v1.0.0",
        "repo": "zero-functional",
        "type": "github"
      }
    }
  },
  "root": "root",
  "version": 7
}
