{
  "nodes": {
    "flakeNimbleLib": {
      "inputs": {
        "nixpkgs": [
          "nixpkgs"
        ]
      },
      "locked": {
        "lastModified": 1646373268,
        "narHash": "sha256-CcT4KuCZahsxYDJF+3+GY1HCqirdFtiUmJGOkwmSx28=",
        "owner": "riinr",
        "repo": "nim-flakes-lib",
        "rev": "55de62d33e92652d0ea2d8a9887b82246fef2c73",
        "type": "github"
      },
      "original": {
        "owner": "riinr",
        "ref": "master",
        "repo": "nim-flakes-lib",
        "type": "github"
      }
    },
    "nixpkgs": {
      "locked": {
        "narHash": "sha256-7sWpWRO0IsBP5jm9qCrpuzDkWC7UAghiCmZZ+1uqHKo=",
        "path": "/nix/store/q2jrkx5a3z6yxzbfai0kxpnqki80jm3l-source",
        "type": "path"
      },
      "original": {
        "id": "nixpkgs",
        "type": "indirect"
      }
    },
    "root": {
      "inputs": {
        "flakeNimbleLib": "flakeNimbleLib",
        "nixpkgs": "nixpkgs",
        "src-argparse-v0_6_0": "src-argparse-v0_6_0"
      }
    },
    "src-argparse-v0_6_0": {
      "flake": false,
      "locked": {
        "lastModified": 1552929691,
        "narHash": "sha256-gf2W6fAI3NqqgpOeHYufd6rsrRvIc3N7J08bMbhF8AU=",
        "owner": "iffy",
        "repo": "nim-argparse",
        "rev": "909733230db5e848c32ecc05b8c0e68546ececc3",
        "type": "github"
      },
      "original": {
        "owner": "iffy",
        "ref": "refs/tags/v0.6.0",
        "repo": "nim-argparse",
        "type": "github"
      }
    }
  },
  "root": "root",
  "version": 7
}
