{
  "nodes": {
    "flakeNimbleLib": {
      "inputs": {
        "nixpkgs": [
          "nixpkgs"
        ]
      },
      "locked": {
        "lastModified": 1646433999,
        "narHash": "sha256-88FkQfLAsTaX6EmtBF5Kr41Ff9nubkDOLx6otLSGS0o=",
        "owner": "riinr",
        "repo": "nim-flakes-lib",
        "rev": "605eb3aa5ab508f8b0dc6589e949e0cc7dc432d7",
        "type": "github"
      },
      "original": {
        "owner": "riinr",
        "ref": "master",
        "repo": "nim-flakes-lib",
        "type": "github"
      }
    },
    "nixpkgs": {
      "locked": {
        "narHash": "sha256-7sWpWRO0IsBP5jm9qCrpuzDkWC7UAghiCmZZ+1uqHKo=",
        "path": "/nix/store/q2jrkx5a3z6yxzbfai0kxpnqki80jm3l-source",
        "type": "path"
      },
      "original": {
        "id": "nixpkgs",
        "type": "indirect"
      }
    },
    "root": {
      "inputs": {
        "flakeNimbleLib": "flakeNimbleLib",
        "nixpkgs": "nixpkgs",
        "src-nimpass-v0_0_8": "src-nimpass-v0_0_8"
      }
    },
    "src-nimpass-v0_0_8": {
      "flake": false,
      "locked": {
        "lastModified": 1617748023,
        "narHash": "sha256-o/qCS6FJm3ZYk17NDITQv36y93FhAwmNTxhkJL4HhHE=",
        "owner": "xioren",
        "repo": "NimPass",
        "rev": "5ed72d7d871826efca705bc6a79de542d12babe5",
        "type": "github"
      },
      "original": {
        "owner": "xioren",
        "ref": "refs/tags/v0.0.8",
        "repo": "NimPass",
        "type": "github"
      }
    }
  },
  "root": "root",
  "version": 7
}
