{
  "nodes": {
    "flakeNimbleLib": {
      "inputs": {
        "nixpkgs": [
          "nixpkgs"
        ]
      },
      "locked": {
        "lastModified": 1646373268,
        "narHash": "sha256-CcT4KuCZahsxYDJF+3+GY1HCqirdFtiUmJGOkwmSx28=",
        "owner": "riinr",
        "repo": "nim-flakes-lib",
        "rev": "55de62d33e92652d0ea2d8a9887b82246fef2c73",
        "type": "github"
      },
      "original": {
        "owner": "riinr",
        "ref": "master",
        "repo": "nim-flakes-lib",
        "type": "github"
      }
    },
    "nixpkgs": {
      "locked": {
        "narHash": "sha256-7sWpWRO0IsBP5jm9qCrpuzDkWC7UAghiCmZZ+1uqHKo=",
        "path": "/nix/store/q2jrkx5a3z6yxzbfai0kxpnqki80jm3l-source",
        "type": "path"
      },
      "original": {
        "id": "nixpkgs",
        "type": "indirect"
      }
    },
    "root": {
      "inputs": {
        "flakeNimbleLib": "flakeNimbleLib",
        "nixpkgs": "nixpkgs",
        "src-nimtomd-v0_3_1": "src-nimtomd-v0_3_1"
      }
    },
    "src-nimtomd-v0_3_1": {
      "flake": false,
      "locked": {
        "lastModified": 1578167269,
        "narHash": "sha256-LYz4ktybc7y6yda8w4T8JBZcgJ77I9Wc0rrS5+AP0rg=",
        "owner": "ThomasTJdev",
        "repo": "nimtomd",
        "rev": "75dd3f6472177bff49f24349169005125fe3fe43",
        "type": "github"
      },
      "original": {
        "owner": "ThomasTJdev",
        "ref": "refs/tags/v0.3.1",
        "repo": "nimtomd",
        "type": "github"
      }
    }
  },
  "root": "root",
  "version": 7
}
