{
  "nodes": {
    "asynctools": {
      "inputs": {
        "asynctools-master": "asynctools-master",
        "flakeNimbleLib": [
          "flakeNimbleLib"
        ],
        "nixpkgs": [
          "nixpkgs"
        ]
      },
      "locked": {
        "dir": "nimpkgs/a/asynctools",
        "lastModified": 1646353868,
        "narHash": "sha256-wTelICJz3iCd9nYIgIVyfFYpT/t6z6aTCwWZHmpPwvQ=",
        "owner": "riinr",
        "repo": "flake-nimble",
        "rev": "d1f438d34450ae9511549eb6801e9bd8afbc4a75",
        "type": "github"
      },
      "original": {
        "dir": "nimpkgs/a/asynctools",
        "owner": "riinr",
        "ref": "flake-pinning",
        "repo": "flake-nimble",
        "type": "github"
      }
    },
    "asynctools-master": {
      "inputs": {
        "flakeNimbleLib": [
          "asynctools",
          "flakeNimbleLib"
        ],
        "nixpkgs": [
          "asynctools",
          "nixpkgs"
        ],
        "src-asynctools-master": "src-asynctools-master"
      },
      "locked": {
        "dir": "nimpkgs/a/asynctools/master",
        "lastModified": 1646297813,
        "narHash": "sha256-2KA6/J5BT+7scrKCcd3lsy3laazgbhQbsy8OIcKElFM=",
        "owner": "riinr",
        "repo": "flake-nimble",
        "rev": "035e26fba15ab4d38c1d25530222858f81bebb53",
        "type": "github"
      },
      "original": {
        "dir": "nimpkgs/a/asynctools/master",
        "owner": "riinr",
        "ref": "flake-pinning",
        "repo": "flake-nimble",
        "type": "github"
      }
    },
    "flakeNimbleLib": {
      "inputs": {
        "nixpkgs": [
          "nixpkgs"
        ]
      },
      "locked": {
        "lastModified": 1646433999,
        "narHash": "sha256-88FkQfLAsTaX6EmtBF5Kr41Ff9nubkDOLx6otLSGS0o=",
        "owner": "riinr",
        "repo": "nim-flakes-lib",
        "rev": "605eb3aa5ab508f8b0dc6589e949e0cc7dc432d7",
        "type": "github"
      },
      "original": {
        "owner": "riinr",
        "ref": "master",
        "repo": "nim-flakes-lib",
        "type": "github"
      }
    },
    "nixpkgs": {
      "locked": {
        "narHash": "sha256-7sWpWRO0IsBP5jm9qCrpuzDkWC7UAghiCmZZ+1uqHKo=",
        "path": "/nix/store/q2jrkx5a3z6yxzbfai0kxpnqki80jm3l-source",
        "type": "path"
      },
      "original": {
        "id": "nixpkgs",
        "type": "indirect"
      }
    },
    "root": {
      "inputs": {
        "asynctools": "asynctools",
        "flakeNimbleLib": "flakeNimbleLib",
        "nixpkgs": "nixpkgs",
        "src-httpbeast-v0_4_0": "src-httpbeast-v0_4_0"
      }
    },
    "src-asynctools-master": {
      "flake": false,
      "locked": {
        "lastModified": 1625559196,
        "narHash": "sha256-mrO+WeSzCBclqC2UNCY+IIv7Gs8EdTDaTeSgXy3TgNM=",
        "owner": "cheatfate",
        "repo": "asynctools",
        "rev": "84ced6d002789567f2396c75800ffd6dff2866f7",
        "type": "github"
      },
      "original": {
        "owner": "cheatfate",
        "ref": "refs/heads/master",
        "repo": "asynctools",
        "type": "github"
      }
    },
    "src-httpbeast-v0_4_0": {
      "flake": false,
      "locked": {
        "lastModified": 1639528448,
        "narHash": "sha256-gN1WLO425R2Z7SEjAI6ZMhbkXv0uYSsjgp5wDXGaoUU=",
        "owner": "dom96",
        "repo": "httpbeast",
        "rev": "8b50e378a5b3374ddeeb3ce83bfb733619206edb",
        "type": "github"
      },
      "original": {
        "owner": "dom96",
        "ref": "refs/tags/v0.4.0",
        "repo": "httpbeast",
        "type": "github"
      }
    }
  },
  "root": "root",
  "version": 7
}
