{
  "nodes": {
    "flakeNimbleLib": {
      "inputs": {
        "nixpkgs": [
          "nixpkgs"
        ]
      },
      "locked": {
        "lastModified": 1646260104,
        "narHash": "sha256-2YBiF1ENMVia3KnJjuOlgyfgjkW/8DHnBeC9qy8rbcM=",
        "owner": "riinr",
        "repo": "nim-flakes-lib",
        "rev": "b7d734585eaf91f3d0bf3dd4a1c37d09fc413f0e",
        "type": "github"
      },
      "original": {
        "owner": "riinr",
        "ref": "master",
        "repo": "nim-flakes-lib",
        "type": "github"
      }
    },
    "nixpkgs": {
      "locked": {
        "narHash": "sha256-7sWpWRO0IsBP5jm9qCrpuzDkWC7UAghiCmZZ+1uqHKo=",
        "path": "/nix/store/q2jrkx5a3z6yxzbfai0kxpnqki80jm3l-source",
        "type": "path"
      },
      "original": {
        "id": "nixpkgs",
        "type": "indirect"
      }
    },
    "root": {
      "inputs": {
        "flakeNimbleLib": "flakeNimbleLib",
        "nixpkgs": "nixpkgs",
        "src-telebot-1_0_12": "src-telebot-1_0_12"
      }
    },
    "src-telebot-1_0_12": {
      "flake": false,
      "locked": {
        "lastModified": 1638897276,
        "narHash": "sha256-gBU5U6aYXqJTUqvfH3SVYaI/7bJRndiJpBZHNNG2c+c=",
        "owner": "ba0f3",
        "repo": "telebot.nim",
        "rev": "da0d71c79cf7dc5a848ea52048da9645c4cb3286",
        "type": "github"
      },
      "original": {
        "owner": "ba0f3",
        "ref": "refs/tags/1.0.12",
        "repo": "telebot.nim",
        "type": "github"
      }
    }
  },
  "root": "root",
  "version": 7
}
