{
  "nodes": {
    "flakeNimbleLib": {
      "inputs": {
        "nixpkgs": [
          "nixpkgs"
        ]
      },
      "locked": {
        "lastModified": 1646260104,
        "narHash": "sha256-2YBiF1ENMVia3KnJjuOlgyfgjkW/8DHnBeC9qy8rbcM=",
        "owner": "riinr",
        "repo": "nim-flakes-lib",
        "rev": "b7d734585eaf91f3d0bf3dd4a1c37d09fc413f0e",
        "type": "github"
      },
      "original": {
        "owner": "riinr",
        "ref": "master",
        "repo": "nim-flakes-lib",
        "type": "github"
      }
    },
    "nixpkgs": {
      "locked": {
        "narHash": "sha256-7sWpWRO0IsBP5jm9qCrpuzDkWC7UAghiCmZZ+1uqHKo=",
        "path": "/nix/store/q2jrkx5a3z6yxzbfai0kxpnqki80jm3l-source",
        "type": "path"
      },
      "original": {
        "id": "nixpkgs",
        "type": "indirect"
      }
    },
    "root": {
      "inputs": {
        "flakeNimbleLib": "flakeNimbleLib",
        "nixpkgs": "nixpkgs",
        "src-opussum-0_6_0": "src-opussum-0_6_0"
      }
    },
    "src-opussum-0_6_0": {
      "flake": false,
      "locked": {
        "lastModified": 1644233192,
        "narHash": "sha256-pQyXqOFri+rQ6Yn65xI1Y/OQv2Yu9tsPCjSlI9BYyj0=",
        "owner": "ire4ever1190",
        "repo": "opussum",
        "rev": "a2777c5a476413c02b765385ebf995e4b2c9dc23",
        "type": "github"
      },
      "original": {
        "owner": "ire4ever1190",
        "ref": "refs/tags/0.6.0",
        "repo": "opussum",
        "type": "github"
      }
    }
  },
  "root": "root",
  "version": 7
}
