{
  "nodes": {
    "flakeNimbleLib": {
      "inputs": {
        "nixpkgs": [
          "nixpkgs"
        ]
      },
      "locked": {
        "lastModified": 1646373268,
        "narHash": "sha256-CcT4KuCZahsxYDJF+3+GY1HCqirdFtiUmJGOkwmSx28=",
        "owner": "riinr",
        "repo": "nim-flakes-lib",
        "rev": "55de62d33e92652d0ea2d8a9887b82246fef2c73",
        "type": "github"
      },
      "original": {
        "owner": "riinr",
        "ref": "master",
        "repo": "nim-flakes-lib",
        "type": "github"
      }
    },
    "nixpkgs": {
      "locked": {
        "narHash": "sha256-7sWpWRO0IsBP5jm9qCrpuzDkWC7UAghiCmZZ+1uqHKo=",
        "path": "/nix/store/q2jrkx5a3z6yxzbfai0kxpnqki80jm3l-source",
        "type": "path"
      },
      "original": {
        "id": "nixpkgs",
        "type": "indirect"
      }
    },
    "root": {
      "inputs": {
        "flakeNimbleLib": "flakeNimbleLib",
        "nixpkgs": "nixpkgs",
        "src-applicates-master": "src-applicates-master"
      }
    },
    "src-applicates-master": {
      "flake": false,
      "locked": {
        "lastModified": 1645277441,
        "narHash": "sha256-qo4dkb0huUfjxngmwKmipDHu4t9FR0Hkz/pAVn+bRjE=",
        "owner": "metagn",
        "repo": "applicates",
        "rev": "796e22a0e87f79118c9abb4f3e3784c5c9511e26",
        "type": "github"
      },
      "original": {
        "owner": "metagn",
        "ref": "refs/heads/master",
        "repo": "applicates",
        "type": "github"
      }
    }
  },
  "root": "root",
  "version": 7
}
