{
  "nodes": {
    "flakeNimbleLib": {
      "inputs": {
        "nixpkgs": [
          "nixpkgs"
        ]
      },
      "locked": {
        "lastModified": 1646373268,
        "narHash": "sha256-CcT4KuCZahsxYDJF+3+GY1HCqirdFtiUmJGOkwmSx28=",
        "owner": "riinr",
        "repo": "nim-flakes-lib",
        "rev": "55de62d33e92652d0ea2d8a9887b82246fef2c73",
        "type": "github"
      },
      "original": {
        "owner": "riinr",
        "ref": "master",
        "repo": "nim-flakes-lib",
        "type": "github"
      }
    },
    "nixpkgs": {
      "locked": {
        "narHash": "sha256-7sWpWRO0IsBP5jm9qCrpuzDkWC7UAghiCmZZ+1uqHKo=",
        "path": "/nix/store/q2jrkx5a3z6yxzbfai0kxpnqki80jm3l-source",
        "type": "path"
      },
      "original": {
        "id": "nixpkgs",
        "type": "indirect"
      }
    },
    "root": {
      "inputs": {
        "flakeNimbleLib": "flakeNimbleLib",
        "nixpkgs": "nixpkgs",
        "src-commandant-0_8_0": "src-commandant-0_8_0"
      }
    },
    "src-commandant-0_8_0": {
      "flake": false,
      "locked": {
        "lastModified": 1436275936,
        "narHash": "sha256-FL3XLq8x2UWsnx8eH6s6GAr1rtaC/yxlKvwBzgfxOfQ=",
        "owner": "casey-SK",
        "repo": "commandant",
        "rev": "a4f1a3d37fbd8f7dfd4eaba2c8c38591e656e31b",
        "type": "github"
      },
      "original": {
        "owner": "casey-SK",
        "ref": "refs/tags/0.8.0",
        "repo": "commandant",
        "type": "github"
      }
    }
  },
  "root": "root",
  "version": 7
}
