{
  "nodes": {
    "flakeNimbleLib": {
      "inputs": {
        "nixpkgs": [
          "nixpkgs"
        ]
      },
      "locked": {
        "lastModified": 1646433999,
        "narHash": "sha256-88FkQfLAsTaX6EmtBF5Kr41Ff9nubkDOLx6otLSGS0o=",
        "owner": "riinr",
        "repo": "nim-flakes-lib",
        "rev": "605eb3aa5ab508f8b0dc6589e949e0cc7dc432d7",
        "type": "github"
      },
      "original": {
        "owner": "riinr",
        "ref": "master",
        "repo": "nim-flakes-lib",
        "type": "github"
      }
    },
    "nixpkgs": {
      "locked": {
        "narHash": "sha256-7sWpWRO0IsBP5jm9qCrpuzDkWC7UAghiCmZZ+1uqHKo=",
        "path": "/nix/store/q2jrkx5a3z6yxzbfai0kxpnqki80jm3l-source",
        "type": "path"
      },
      "original": {
        "id": "nixpkgs",
        "type": "indirect"
      }
    },
    "root": {
      "inputs": {
        "flakeNimbleLib": "flakeNimbleLib",
        "nixpkgs": "nixpkgs",
        "src-rn-v0_1_4": "src-rn-v0_1_4"
      }
    },
    "src-rn-v0_1_4": {
      "flake": false,
      "locked": {
        "lastModified": 1617937949,
        "narHash": "sha256-4w/hqIhmh7YeJKAc2nvmSIfOFIQRY9APR0fQTr8Z/Ek=",
        "owner": "xioren",
        "repo": "rn",
        "rev": "08c343c4da872ae0d3cae1085366322c40f9f2db",
        "type": "github"
      },
      "original": {
        "owner": "xioren",
        "ref": "refs/tags/v0.1.4",
        "repo": "rn",
        "type": "github"
      }
    }
  },
  "root": "root",
  "version": 7
}
