{
  "nodes": {
    "flakeNimbleLib": {
      "inputs": {
        "nixpkgs": [
          "nixpkgs"
        ]
      },
      "locked": {
        "lastModified": 1646433999,
        "narHash": "sha256-88FkQfLAsTaX6EmtBF5Kr41Ff9nubkDOLx6otLSGS0o=",
        "owner": "riinr",
        "repo": "nim-flakes-lib",
        "rev": "605eb3aa5ab508f8b0dc6589e949e0cc7dc432d7",
        "type": "github"
      },
      "original": {
        "owner": "riinr",
        "ref": "master",
        "repo": "nim-flakes-lib",
        "type": "github"
      }
    },
    "nixpkgs": {
      "locked": {
        "narHash": "sha256-7sWpWRO0IsBP5jm9qCrpuzDkWC7UAghiCmZZ+1uqHKo=",
        "path": "/nix/store/q2jrkx5a3z6yxzbfai0kxpnqki80jm3l-source",
        "type": "path"
      },
      "original": {
        "id": "nixpkgs",
        "type": "indirect"
      }
    },
    "root": {
      "inputs": {
        "flakeNimbleLib": "flakeNimbleLib",
        "nixpkgs": "nixpkgs",
        "src-zero_functional-v0_0_7": "src-zero_functional-v0_0_7"
      }
    },
    "src-zero_functional-v0_0_7": {
      "flake": false,
      "locked": {
        "lastModified": 1522185123,
        "narHash": "sha256-dWa/EDSgFFgzQc7oMMWT4TTNPU0igG9c/KCrX4kaEAs=",
        "owner": "zero-functional",
        "repo": "zero-functional",
        "rev": "8e510e2c9bb28eb88da5caa8904cbc602d37f6e0",
        "type": "github"
      },
      "original": {
        "owner": "zero-functional",
        "ref": "refs/tags/v0.0.7",
        "repo": "zero-functional",
        "type": "github"
      }
    }
  },
  "root": "root",
  "version": 7
}
