{
  "nodes": {
    "flakeNimbleLib": {
      "inputs": {
        "nixpkgs": [
          "nixpkgs"
        ]
      },
      "locked": {
        "lastModified": 1646260104,
        "narHash": "sha256-2YBiF1ENMVia3KnJjuOlgyfgjkW/8DHnBeC9qy8rbcM=",
        "owner": "riinr",
        "repo": "nim-flakes-lib",
        "rev": "b7d734585eaf91f3d0bf3dd4a1c37d09fc413f0e",
        "type": "github"
      },
      "original": {
        "owner": "riinr",
        "ref": "master",
        "repo": "nim-flakes-lib",
        "type": "github"
      }
    },
    "nixpkgs": {
      "locked": {
        "narHash": "sha256-7sWpWRO0IsBP5jm9qCrpuzDkWC7UAghiCmZZ+1uqHKo=",
        "path": "/nix/store/q2jrkx5a3z6yxzbfai0kxpnqki80jm3l-source",
        "type": "path"
      },
      "original": {
        "id": "nixpkgs",
        "type": "indirect"
      }
    },
    "root": {
      "inputs": {
        "flakeNimbleLib": "flakeNimbleLib",
        "nixpkgs": "nixpkgs",
        "src-nimAGG-master": "src-nimAGG-master"
      }
    },
    "src-nimAGG-master": {
      "flake": false,
      "locked": {
        "lastModified": 1495467771,
        "narHash": "sha256-l2lWzFfuu3T7D6KYYXWZszujmwP7+yQTuzB1d0w6mA8=",
        "owner": "jangko",
        "repo": "nimAGG",
        "rev": "643bad427ec9a63363b31466264c0ca289db5893",
        "type": "github"
      },
      "original": {
        "owner": "jangko",
        "ref": "refs/heads/master",
        "repo": "nimAGG",
        "type": "github"
      }
    }
  },
  "root": "root",
  "version": 7
}
