{
  "nodes": {
    "flakeNimbleLib": {
      "inputs": {
        "nixpkgs": [
          "nixpkgs"
        ]
      },
      "locked": {
        "lastModified": 1646260104,
        "narHash": "sha256-2YBiF1ENMVia3KnJjuOlgyfgjkW/8DHnBeC9qy8rbcM=",
        "owner": "riinr",
        "repo": "nim-flakes-lib",
        "rev": "b7d734585eaf91f3d0bf3dd4a1c37d09fc413f0e",
        "type": "github"
      },
      "original": {
        "owner": "riinr",
        "ref": "master",
        "repo": "nim-flakes-lib",
        "type": "github"
      }
    },
    "nixpkgs": {
      "locked": {
        "narHash": "sha256-7sWpWRO0IsBP5jm9qCrpuzDkWC7UAghiCmZZ+1uqHKo=",
        "path": "/nix/store/q2jrkx5a3z6yxzbfai0kxpnqki80jm3l-source",
        "type": "path"
      },
      "original": {
        "id": "nixpkgs",
        "type": "indirect"
      }
    },
    "root": {
      "inputs": {
        "flakeNimbleLib": "flakeNimbleLib",
        "nixpkgs": "nixpkgs",
        "src-xidoc-2021_11_8": "src-xidoc-2021_11_8"
      }
    },
    "src-xidoc-2021_11_8": {
      "flake": false,
      "locked": {
        "lastModified": 1636381225,
        "narHash": "sha256-zfx7kCpDfFWdaQGix4pMhvtmG3StU3b72PH0zoAC3G0=",
        "owner": "xigoi",
        "repo": "xidoc",
        "rev": "6f38e951ebb370c04de48a47d837b128c6af5c2b",
        "type": "github"
      },
      "original": {
        "owner": "xigoi",
        "ref": "refs/tags/2021.11.8",
        "repo": "xidoc",
        "type": "github"
      }
    }
  },
  "root": "root",
  "version": 7
}
