{
  "nodes": {
    "flakeNimbleLib": {
      "inputs": {
        "nixpkgs": [
          "nixpkgs"
        ]
      },
      "locked": {
        "lastModified": 1646433999,
        "narHash": "sha256-88FkQfLAsTaX6EmtBF5Kr41Ff9nubkDOLx6otLSGS0o=",
        "owner": "riinr",
        "repo": "nim-flakes-lib",
        "rev": "605eb3aa5ab508f8b0dc6589e949e0cc7dc432d7",
        "type": "github"
      },
      "original": {
        "owner": "riinr",
        "ref": "master",
        "repo": "nim-flakes-lib",
        "type": "github"
      }
    },
    "nixpkgs": {
      "locked": {
        "narHash": "sha256-7sWpWRO0IsBP5jm9qCrpuzDkWC7UAghiCmZZ+1uqHKo=",
        "path": "/nix/store/q2jrkx5a3z6yxzbfai0kxpnqki80jm3l-source",
        "type": "path"
      },
      "original": {
        "id": "nixpkgs",
        "type": "indirect"
      }
    },
    "root": {
      "inputs": {
        "flakeNimbleLib": "flakeNimbleLib",
        "nixpkgs": "nixpkgs",
        "src-norm-1_0_6": "src-norm-1_0_6"
      }
    },
    "src-norm-1_0_6": {
      "flake": false,
      "locked": {
        "lastModified": 1553158370,
        "narHash": "sha256-lwblpCfuiGTSNjB/16vLPlsWMcDTxauiMrMnC47XEMQ=",
        "owner": "moigagoo",
        "repo": "norm",
        "rev": "ffc6a5559f76635525e0baedbfdb1927f80fc5da",
        "type": "github"
      },
      "original": {
        "owner": "moigagoo",
        "ref": "refs/tags/1.0.6",
        "repo": "norm",
        "type": "github"
      }
    }
  },
  "root": "root",
  "version": 7
}
