{
  "nodes": {
    "flakeNimbleLib": {
      "inputs": {
        "nixpkgs": [
          "nixpkgs"
        ]
      },
      "locked": {
        "lastModified": 1646433999,
        "narHash": "sha256-88FkQfLAsTaX6EmtBF5Kr41Ff9nubkDOLx6otLSGS0o=",
        "owner": "riinr",
        "repo": "nim-flakes-lib",
        "rev": "605eb3aa5ab508f8b0dc6589e949e0cc7dc432d7",
        "type": "github"
      },
      "original": {
        "owner": "riinr",
        "ref": "master",
        "repo": "nim-flakes-lib",
        "type": "github"
      }
    },
    "nixpkgs": {
      "locked": {
        "narHash": "sha256-7sWpWRO0IsBP5jm9qCrpuzDkWC7UAghiCmZZ+1uqHKo=",
        "path": "/nix/store/q2jrkx5a3z6yxzbfai0kxpnqki80jm3l-source",
        "type": "path"
      },
      "original": {
        "id": "nixpkgs",
        "type": "indirect"
      }
    },
    "root": {
      "inputs": {
        "flakeNimbleLib": "flakeNimbleLib",
        "nixpkgs": "nixpkgs",
        "src-manu-1_9_1": "src-manu-1_9_1"
      }
    },
    "src-manu-1_9_1": {
      "flake": false,
      "locked": {
        "lastModified": 1591381173,
        "narHash": "sha256-Z5iESBkGXH4aTdvdycqUbPSMoA+1XmgB4sUzQbQc9kM=",
        "owner": "planetis-m",
        "repo": "manu",
        "rev": "9d72a7d481f4a0d929e23a701fd77e06be12e7e1",
        "type": "github"
      },
      "original": {
        "owner": "planetis-m",
        "ref": "refs/tags/1.9.1",
        "repo": "manu",
        "type": "github"
      }
    }
  },
  "root": "root",
  "version": 7
}
