{
  "nodes": {
    "flakeNimbleLib": {
      "inputs": {
        "nixpkgs": [
          "nixpkgs"
        ]
      },
      "locked": {
        "lastModified": 1646373268,
        "narHash": "sha256-CcT4KuCZahsxYDJF+3+GY1HCqirdFtiUmJGOkwmSx28=",
        "owner": "riinr",
        "repo": "nim-flakes-lib",
        "rev": "55de62d33e92652d0ea2d8a9887b82246fef2c73",
        "type": "github"
      },
      "original": {
        "owner": "riinr",
        "ref": "master",
        "repo": "nim-flakes-lib",
        "type": "github"
      }
    },
    "nixpkgs": {
      "locked": {
        "narHash": "sha256-7sWpWRO0IsBP5jm9qCrpuzDkWC7UAghiCmZZ+1uqHKo=",
        "path": "/nix/store/q2jrkx5a3z6yxzbfai0kxpnqki80jm3l-source",
        "type": "path"
      },
      "original": {
        "id": "nixpkgs",
        "type": "indirect"
      }
    },
    "root": {
      "inputs": {
        "flakeNimbleLib": "flakeNimbleLib",
        "nixpkgs": "nixpkgs",
        "src-options-master": "src-options-master"
      }
    },
    "src-options-master": {
      "flake": false,
      "locked": {
        "lastModified": 1434587924,
        "narHash": "sha256-X2UL7Ai42NZjw7K/KF64ryQoj73hhcb5uUK43t0lzPM=",
        "owner": "fallingduck",
        "repo": "options-nim",
        "rev": "035806c369469c8b47efefdbc5ca2d03e7f4a95b",
        "type": "github"
      },
      "original": {
        "owner": "fallingduck",
        "ref": "refs/heads/master",
        "repo": "options-nim",
        "type": "github"
      }
    }
  },
  "root": "root",
  "version": 7
}
