{
  "nodes": {
    "flakeNimbleLib": {
      "inputs": {
        "nixpkgs": [
          "nixpkgs"
        ]
      },
      "locked": {
        "lastModified": 1646433999,
        "narHash": "sha256-88FkQfLAsTaX6EmtBF5Kr41Ff9nubkDOLx6otLSGS0o=",
        "owner": "riinr",
        "repo": "nim-flakes-lib",
        "rev": "605eb3aa5ab508f8b0dc6589e949e0cc7dc432d7",
        "type": "github"
      },
      "original": {
        "owner": "riinr",
        "ref": "master",
        "repo": "nim-flakes-lib",
        "type": "github"
      }
    },
    "nixpkgs": {
      "locked": {
        "narHash": "sha256-7sWpWRO0IsBP5jm9qCrpuzDkWC7UAghiCmZZ+1uqHKo=",
        "path": "/nix/store/q2jrkx5a3z6yxzbfai0kxpnqki80jm3l-source",
        "type": "path"
      },
      "original": {
        "id": "nixpkgs",
        "type": "indirect"
      }
    },
    "root": {
      "inputs": {
        "flakeNimbleLib": "flakeNimbleLib",
        "nixpkgs": "nixpkgs",
        "src-zippy-0_5_0": "src-zippy-0_5_0"
      }
    },
    "src-zippy-0_5_0": {
      "flake": false,
      "locked": {
        "lastModified": 1608683868,
        "narHash": "sha256-lj1cgKJq1akFpFYZrvNyVA1IQzn8A/sT870Cs+MF2yA=",
        "owner": "guzba",
        "repo": "zippy",
        "rev": "9863019774dc48383f2776483323e441d2fd37d7",
        "type": "github"
      },
      "original": {
        "owner": "guzba",
        "ref": "refs/tags/0.5.0",
        "repo": "zippy",
        "type": "github"
      }
    }
  },
  "root": "root",
  "version": 7
}
