{
  "nodes": {
    "flakeNimbleLib": {
      "inputs": {
        "nixpkgs": [
          "nixpkgs"
        ]
      },
      "locked": {
        "lastModified": 1646433999,
        "narHash": "sha256-88FkQfLAsTaX6EmtBF5Kr41Ff9nubkDOLx6otLSGS0o=",
        "owner": "riinr",
        "repo": "nim-flakes-lib",
        "rev": "605eb3aa5ab508f8b0dc6589e949e0cc7dc432d7",
        "type": "github"
      },
      "original": {
        "owner": "riinr",
        "ref": "master",
        "repo": "nim-flakes-lib",
        "type": "github"
      }
    },
    "nixpkgs": {
      "locked": {
        "narHash": "sha256-7sWpWRO0IsBP5jm9qCrpuzDkWC7UAghiCmZZ+1uqHKo=",
        "path": "/nix/store/q2jrkx5a3z6yxzbfai0kxpnqki80jm3l-source",
        "type": "path"
      },
      "original": {
        "id": "nixpkgs",
        "type": "indirect"
      }
    },
    "root": {
      "inputs": {
        "flakeNimbleLib": "flakeNimbleLib",
        "nixpkgs": "nixpkgs",
        "src-nimquery-v1_2_0": "src-nimquery-v1_2_0"
      }
    },
    "src-nimquery-v1_2_0": {
      "flake": false,
      "locked": {
        "lastModified": 1548227233,
        "narHash": "sha256-y1ScaIszVmJdvDAtt9+X+YqivwNsagHXpeYWm5TKsi4=",
        "owner": "GULPF",
        "repo": "nimquery",
        "rev": "f52acfa59f32a832bc726c6ab5a1ef004ab2f3ef",
        "type": "github"
      },
      "original": {
        "owner": "GULPF",
        "ref": "refs/tags/v1.2.0",
        "repo": "nimquery",
        "type": "github"
      }
    }
  },
  "root": "root",
  "version": 7
}
