{
  "nodes": {
    "flakeNimbleLib": {
      "inputs": {
        "nixpkgs": [
          "nixpkgs"
        ]
      },
      "locked": {
        "lastModified": 1646260104,
        "narHash": "sha256-2YBiF1ENMVia3KnJjuOlgyfgjkW/8DHnBeC9qy8rbcM=",
        "owner": "riinr",
        "repo": "nim-flakes-lib",
        "rev": "b7d734585eaf91f3d0bf3dd4a1c37d09fc413f0e",
        "type": "github"
      },
      "original": {
        "owner": "riinr",
        "ref": "master",
        "repo": "nim-flakes-lib",
        "type": "github"
      }
    },
    "nixpkgs": {
      "locked": {
        "narHash": "sha256-7sWpWRO0IsBP5jm9qCrpuzDkWC7UAghiCmZZ+1uqHKo=",
        "path": "/nix/store/q2jrkx5a3z6yxzbfai0kxpnqki80jm3l-source",
        "type": "path"
      },
      "original": {
        "id": "nixpkgs",
        "type": "indirect"
      }
    },
    "root": {
      "inputs": {
        "flakeNimbleLib": "flakeNimbleLib",
        "nixpkgs": "nixpkgs",
        "src-isocodes-1_1_3": "src-isocodes-1_1_3"
      }
    },
    "src-isocodes-1_1_3": {
      "flake": false,
      "locked": {
        "lastModified": 1626120176,
        "narHash": "sha256-HUxF06vfHRHEW1nZFQ60ZjPyL6MetPRQB42sU6G0li0=",
        "owner": "kraptor",
        "repo": "isocodes",
        "rev": "fdcee8c2142189543b72497ec75763f6924cb4b2",
        "type": "github"
      },
      "original": {
        "owner": "kraptor",
        "ref": "refs/tags/1.1.3",
        "repo": "isocodes",
        "type": "github"
      }
    }
  },
  "root": "root",
  "version": 7
}
