{
  "nodes": {
    "flakeNimbleLib": {
      "inputs": {
        "nixpkgs": [
          "nixpkgs"
        ]
      },
      "locked": {
        "lastModified": 1646373268,
        "narHash": "sha256-CcT4KuCZahsxYDJF+3+GY1HCqirdFtiUmJGOkwmSx28=",
        "owner": "riinr",
        "repo": "nim-flakes-lib",
        "rev": "55de62d33e92652d0ea2d8a9887b82246fef2c73",
        "type": "github"
      },
      "original": {
        "owner": "riinr",
        "ref": "master",
        "repo": "nim-flakes-lib",
        "type": "github"
      }
    },
    "nixpkgs": {
      "locked": {
        "narHash": "sha256-7sWpWRO0IsBP5jm9qCrpuzDkWC7UAghiCmZZ+1uqHKo=",
        "path": "/nix/store/q2jrkx5a3z6yxzbfai0kxpnqki80jm3l-source",
        "type": "path"
      },
      "original": {
        "id": "nixpkgs",
        "type": "indirect"
      }
    },
    "root": {
      "inputs": {
        "flakeNimbleLib": "flakeNimbleLib",
        "nixpkgs": "nixpkgs",
        "src-min-v0_31_0": "src-min-v0_31_0"
      }
    },
    "src-min-v0_31_0": {
      "flake": false,
      "locked": {
        "lastModified": 1612041219,
        "narHash": "sha256-lCygw5nF4TluXtMKcH0rHdvPu13eHiRR8+ok3d4YRLk=",
        "owner": "h3rald",
        "repo": "min",
        "rev": "aa262a2a6616b52b9fc3a932f4ac3c4b3b54544a",
        "type": "github"
      },
      "original": {
        "owner": "h3rald",
        "ref": "refs/tags/v0.31.0",
        "repo": "min",
        "type": "github"
      }
    }
  },
  "root": "root",
  "version": 7
}
