{
  "nodes": {
    "flakeNimbleLib": {
      "inputs": {
        "nixpkgs": [
          "nixpkgs"
        ]
      },
      "locked": {
        "lastModified": 1646260104,
        "narHash": "sha256-2YBiF1ENMVia3KnJjuOlgyfgjkW/8DHnBeC9qy8rbcM=",
        "owner": "riinr",
        "repo": "nim-flakes-lib",
        "rev": "b7d734585eaf91f3d0bf3dd4a1c37d09fc413f0e",
        "type": "github"
      },
      "original": {
        "owner": "riinr",
        "ref": "master",
        "repo": "nim-flakes-lib",
        "type": "github"
      }
    },
    "nixpkgs": {
      "locked": {
        "narHash": "sha256-7sWpWRO0IsBP5jm9qCrpuzDkWC7UAghiCmZZ+1uqHKo=",
        "path": "/nix/store/q2jrkx5a3z6yxzbfai0kxpnqki80jm3l-source",
        "type": "path"
      },
      "original": {
        "id": "nixpkgs",
        "type": "indirect"
      }
    },
    "root": {
      "inputs": {
        "flakeNimbleLib": "flakeNimbleLib",
        "nixpkgs": "nixpkgs",
        "src-xiaomi-v0_1_2": "src-xiaomi-v0_1_2"
      }
    },
    "src-xiaomi-v0_1_2": {
      "flake": false,
      "locked": {
        "lastModified": 1543046255,
        "narHash": "sha256-A0B0N+vcbr+6LwhwsEUeyk3oGdLBb5ECpszTIbhGWSE=",
        "owner": "ThomasTJdev",
        "repo": "nim_xiaomi",
        "rev": "9a970f3fecac9da184b2dacaf0e64a51ec418e25",
        "type": "github"
      },
      "original": {
        "owner": "ThomasTJdev",
        "ref": "refs/tags/v0.1.2",
        "repo": "nim_xiaomi",
        "type": "github"
      }
    }
  },
  "root": "root",
  "version": 7
}
