{
  "nodes": {
    "flakeNimbleLib": {
      "inputs": {
        "nixpkgs": [
          "nixpkgs"
        ]
      },
      "locked": {
        "lastModified": 1646433999,
        "narHash": "sha256-88FkQfLAsTaX6EmtBF5Kr41Ff9nubkDOLx6otLSGS0o=",
        "owner": "riinr",
        "repo": "nim-flakes-lib",
        "rev": "605eb3aa5ab508f8b0dc6589e949e0cc7dc432d7",
        "type": "github"
      },
      "original": {
        "owner": "riinr",
        "ref": "master",
        "repo": "nim-flakes-lib",
        "type": "github"
      }
    },
    "nixpkgs": {
      "locked": {
        "narHash": "sha256-7sWpWRO0IsBP5jm9qCrpuzDkWC7UAghiCmZZ+1uqHKo=",
        "path": "/nix/store/q2jrkx5a3z6yxzbfai0kxpnqki80jm3l-source",
        "type": "path"
      },
      "original": {
        "id": "nixpkgs",
        "type": "indirect"
      }
    },
    "root": {
      "inputs": {
        "flakeNimbleLib": "flakeNimbleLib",
        "nixpkgs": "nixpkgs",
        "tokarax-master": "tokarax-master"
      }
    },
    "src-tokarax-master": {
      "flake": false,
      "locked": {
        "lastModified": 1635328684,
        "narHash": "sha256-lOtbmLOkR5SFb9RAB06mv5QxeoCKdpKrNsZZl3RI9Rw=",
        "owner": "thisago",
        "repo": "tokarax",
        "rev": "b63616c53335f48cdc153ecb4abe5e7f098d6edc",
        "type": "github"
      },
      "original": {
        "owner": "thisago",
        "ref": "refs/heads/master",
        "repo": "tokarax",
        "type": "github"
      }
    },
    "tokarax-master": {
      "inputs": {
        "flakeNimbleLib": [
          "flakeNimbleLib"
        ],
        "nixpkgs": [
          "nixpkgs"
        ],
        "src-tokarax-master": "src-tokarax-master"
      },
      "locked": {
        "dir": "nimpkgs/t/tokarax/master",
        "lastModified": 1646297813,
        "narHash": "sha256-2KA6/J5BT+7scrKCcd3lsy3laazgbhQbsy8OIcKElFM=",
        "owner": "riinr",
        "repo": "flake-nimble",
        "rev": "97fc2d34320140f269274931f25431652873deb8",
        "type": "github"
      },
      "original": {
        "dir": "nimpkgs/t/tokarax/master",
        "owner": "riinr",
        "ref": "flake-pinning",
        "repo": "flake-nimble",
        "type": "github"
      }
    }
  },
  "root": "root",
  "version": 7
}
