{
  "nodes": {
    "combparser": {
      "inputs": {
        "combparser-master": "combparser-master",
        "flakeNimbleLib": [
          "flakeNimbleLib"
        ],
        "nixpkgs": [
          "nixpkgs"
        ]
      },
      "locked": {
        "dir": "nimpkgs/c/combparser",
        "lastModified": 1646438940,
        "narHash": "sha256-UOGVYppOnFqaCCqJuDPSnXuXvGSrQ5x81+sBYqGMCE0=",
        "owner": "riinr",
        "repo": "flake-nimble",
        "rev": "e7902f61ac1c9a3753b16c34c312e799a93f7eac",
        "type": "github"
      },
      "original": {
        "dir": "nimpkgs/c/combparser",
        "owner": "riinr",
        "ref": "flake-pinning",
        "repo": "flake-nimble",
        "type": "github"
      }
    },
    "combparser-master": {
      "inputs": {
        "flakeNimbleLib": [
          "combparser",
          "flakeNimbleLib"
        ],
        "nixpkgs": [
          "combparser",
          "nixpkgs"
        ],
        "src-combparser-master": "src-combparser-master"
      },
      "locked": {
        "dir": "nimpkgs/c/combparser/master",
        "lastModified": 1646297813,
        "narHash": "sha256-2KA6/J5BT+7scrKCcd3lsy3laazgbhQbsy8OIcKElFM=",
        "owner": "riinr",
        "repo": "flake-nimble",
        "rev": "035e26fba15ab4d38c1d25530222858f81bebb53",
        "type": "github"
      },
      "original": {
        "dir": "nimpkgs/c/combparser/master",
        "owner": "riinr",
        "ref": "flake-pinning",
        "repo": "flake-nimble",
        "type": "github"
      }
    },
    "faststreams": {
      "inputs": {
        "faststreams-master": "faststreams-master",
        "flakeNimbleLib": [
          "flakeNimbleLib"
        ],
        "nixpkgs": [
          "nixpkgs"
        ]
      },
      "locked": {
        "dir": "nimpkgs/f/faststreams",
        "lastModified": 1646438940,
        "narHash": "sha256-UOGVYppOnFqaCCqJuDPSnXuXvGSrQ5x81+sBYqGMCE0=",
        "owner": "riinr",
        "repo": "flake-nimble",
        "rev": "e7902f61ac1c9a3753b16c34c312e799a93f7eac",
        "type": "github"
      },
      "original": {
        "dir": "nimpkgs/f/faststreams",
        "owner": "riinr",
        "ref": "flake-pinning",
        "repo": "flake-nimble",
        "type": "github"
      }
    },
    "faststreams-master": {
      "inputs": {
        "flakeNimbleLib": [
          "faststreams",
          "flakeNimbleLib"
        ],
        "nixpkgs": [
          "faststreams",
          "nixpkgs"
        ],
        "src-faststreams-master": "src-faststreams-master"
      },
      "locked": {
        "dir": "nimpkgs/f/faststreams/master",
        "lastModified": 1646297813,
        "narHash": "sha256-2KA6/J5BT+7scrKCcd3lsy3laazgbhQbsy8OIcKElFM=",
        "owner": "riinr",
        "repo": "flake-nimble",
        "rev": "035e26fba15ab4d38c1d25530222858f81bebb53",
        "type": "github"
      },
      "original": {
        "dir": "nimpkgs/f/faststreams/master",
        "owner": "riinr",
        "ref": "flake-pinning",
        "repo": "flake-nimble",
        "type": "github"
      }
    },
    "flakeNimbleLib": {
      "inputs": {
        "nixpkgs": [
          "nixpkgs"
        ]
      },
      "locked": {
        "lastModified": 1646433999,
        "narHash": "sha256-88FkQfLAsTaX6EmtBF5Kr41Ff9nubkDOLx6otLSGS0o=",
        "owner": "riinr",
        "repo": "nim-flakes-lib",
        "rev": "605eb3aa5ab508f8b0dc6589e949e0cc7dc432d7",
        "type": "github"
      },
      "original": {
        "owner": "riinr",
        "ref": "master",
        "repo": "nim-flakes-lib",
        "type": "github"
      }
    },
    "nixpkgs": {
      "locked": {
        "narHash": "sha256-7sWpWRO0IsBP5jm9qCrpuzDkWC7UAghiCmZZ+1uqHKo=",
        "path": "/nix/store/q2jrkx5a3z6yxzbfai0kxpnqki80jm3l-source",
        "type": "path"
      },
      "original": {
        "id": "nixpkgs",
        "type": "indirect"
      }
    },
    "root": {
      "inputs": {
        "combparser": "combparser",
        "faststreams": "faststreams",
        "flakeNimbleLib": "flakeNimbleLib",
        "nixpkgs": "nixpkgs",
        "serialization": "serialization",
        "src-protobuf_serialization-master": "src-protobuf_serialization-master",
        "stew": "stew"
      }
    },
    "serialization": {
      "inputs": {
        "flakeNimbleLib": [
          "flakeNimbleLib"
        ],
        "nixpkgs": [
          "nixpkgs"
        ],
        "serialization-master": "serialization-master"
      },
      "locked": {
        "dir": "nimpkgs/s/serialization",
        "lastModified": 1646438940,
        "narHash": "sha256-UOGVYppOnFqaCCqJuDPSnXuXvGSrQ5x81+sBYqGMCE0=",
        "owner": "riinr",
        "repo": "flake-nimble",
        "rev": "e7902f61ac1c9a3753b16c34c312e799a93f7eac",
        "type": "github"
      },
      "original": {
        "dir": "nimpkgs/s/serialization",
        "owner": "riinr",
        "ref": "flake-pinning",
        "repo": "flake-nimble",
        "type": "github"
      }
    },
    "serialization-master": {
      "inputs": {
        "flakeNimbleLib": [
          "serialization",
          "flakeNimbleLib"
        ],
        "nixpkgs": [
          "serialization",
          "nixpkgs"
        ],
        "src-serialization-master": "src-serialization-master"
      },
      "locked": {
        "dir": "nimpkgs/s/serialization/master",
        "lastModified": 1646297813,
        "narHash": "sha256-2KA6/J5BT+7scrKCcd3lsy3laazgbhQbsy8OIcKElFM=",
        "owner": "riinr",
        "repo": "flake-nimble",
        "rev": "035e26fba15ab4d38c1d25530222858f81bebb53",
        "type": "github"
      },
      "original": {
        "dir": "nimpkgs/s/serialization/master",
        "owner": "riinr",
        "ref": "flake-pinning",
        "repo": "flake-nimble",
        "type": "github"
      }
    },
    "src-combparser-master": {
      "flake": false,
      "locked": {
        "lastModified": 1566369514,
        "narHash": "sha256-hJH0XNwSkBCYthjdKxA4UfsSeczMmonqlIGIxZCECUY=",
        "owner": "PMunch",
        "repo": "combparser",
        "rev": "ba4464c005d7617c008e2ed2ebc1ba52feb469c6",
        "type": "github"
      },
      "original": {
        "owner": "PMunch",
        "ref": "refs/heads/master",
        "repo": "combparser",
        "type": "github"
      }
    },
    "src-faststreams-master": {
      "flake": false,
      "locked": {
        "lastModified": 1642874480,
        "narHash": "sha256-Q2lq5j3wXB5/pHAZHdCfIRRGfWDCLfhMs/2nYHLPNu4=",
        "owner": "status-im",
        "repo": "nim-faststreams",
        "rev": "37a183153c071539ab870f427c09a1376ba311b9",
        "type": "github"
      },
      "original": {
        "owner": "status-im",
        "ref": "refs/heads/master",
        "repo": "nim-faststreams",
        "type": "github"
      }
    },
    "src-protobuf_serialization-master": {
      "flake": false,
      "locked": {
        "lastModified": 1641776231,
        "narHash": "sha256-ycRPI3n9S16i0DqLdqwv8eBtJZi6Y13iPnw/FS3Bt5s=",
        "owner": "status-im",
        "repo": "nim-protobuf-serialization",
        "rev": "ae13ff450b9e578d611fea2609aee46fdbd6ca99",
        "type": "github"
      },
      "original": {
        "owner": "status-im",
        "ref": "refs/heads/master",
        "repo": "nim-protobuf-serialization",
        "type": "github"
      }
    },
    "src-serialization-master": {
      "flake": false,
      "locked": {
        "lastModified": 1641494182,
        "narHash": "sha256-Qjk9pMm9SLWe4bgFaYYYHyikmGUbVKXRkZGdG7NIG2k=",
        "owner": "status-im",
        "repo": "nim-serialization",
        "rev": "37bc0db558d85711967acb16e9bb822b06911d46",
        "type": "github"
      },
      "original": {
        "owner": "status-im",
        "ref": "refs/heads/master",
        "repo": "nim-serialization",
        "type": "github"
      }
    },
    "src-stew-master": {
      "flake": false,
      "locked": {
        "lastModified": 1642965483,
        "narHash": "sha256-y2YZPiqMijnobmiMK6ru50UHq+Fxy08lAnVZd8P1lko=",
        "owner": "status-im",
        "repo": "nim-stew",
        "rev": "bb705bf17b46d2c8f9bfb106d9cc7437009a2501",
        "type": "github"
      },
      "original": {
        "owner": "status-im",
        "ref": "refs/heads/master",
        "repo": "nim-stew",
        "type": "github"
      }
    },
    "stew": {
      "inputs": {
        "flakeNimbleLib": [
          "flakeNimbleLib"
        ],
        "nixpkgs": [
          "nixpkgs"
        ],
        "stew-master": "stew-master"
      },
      "locked": {
        "dir": "nimpkgs/s/stew",
        "lastModified": 1646438940,
        "narHash": "sha256-UOGVYppOnFqaCCqJuDPSnXuXvGSrQ5x81+sBYqGMCE0=",
        "owner": "riinr",
        "repo": "flake-nimble",
        "rev": "e7902f61ac1c9a3753b16c34c312e799a93f7eac",
        "type": "github"
      },
      "original": {
        "dir": "nimpkgs/s/stew",
        "owner": "riinr",
        "ref": "flake-pinning",
        "repo": "flake-nimble",
        "type": "github"
      }
    },
    "stew-master": {
      "inputs": {
        "flakeNimbleLib": [
          "stew",
          "flakeNimbleLib"
        ],
        "nixpkgs": [
          "stew",
          "nixpkgs"
        ],
        "src-stew-master": "src-stew-master"
      },
      "locked": {
        "dir": "nimpkgs/s/stew/master",
        "lastModified": 1646297813,
        "narHash": "sha256-2KA6/J5BT+7scrKCcd3lsy3laazgbhQbsy8OIcKElFM=",
        "owner": "riinr",
        "repo": "flake-nimble",
        "rev": "035e26fba15ab4d38c1d25530222858f81bebb53",
        "type": "github"
      },
      "original": {
        "dir": "nimpkgs/s/stew/master",
        "owner": "riinr",
        "ref": "flake-pinning",
        "repo": "flake-nimble",
        "type": "github"
      }
    }
  },
  "root": "root",
  "version": 7
}
